{
    "name": "libltc-wrapper",
    "version": "1.1.0",
    "lockfileVersion": 1,
    "requires": true,
    "dependencies": {
        "@types/node": {
            "version": "7.10.14",
            "resolved": "https://registry.npmjs.org/@types/node/-/node-7.10.14.tgz",
            "integrity": "sha512-29GS75BE8asnTno3yB6ubOJOO0FboExEqNJy4bpz0GSmW/8wPTNL4h9h63c6s1uTrOopCmJYe/4yJLh5r92ZUA==",
            "dev": true
        },
        "typescript": {
            "version": "4.7.4",
            "resolved": "https://registry.npmjs.org/typescript/-/typescript-4.7.4.tgz",
            "integrity": "sha512-C0WQT0gezHuw6AdY1M2jxUO83Rjf0HP7Sk1DtXj6j1EwkQNZrHAg2XPWlq62oqEhYvONq5pkC2Y9oPljWToLmQ==",
            "dev": true
        }
    }
}
