# THIS IS AN AUTOGENERATED FILE. DO NOT EDIT THIS FILE DIRECTLY.
# yarn lockfile v1


"@types/node@^18.6.1":
  version "18.7.10"
  resolved "https://registry.yarnpkg.com/@types/node/-/node-18.7.10.tgz#f642dc9ded1bdd8c2cd847246466e71182b0fd67"
  integrity sha512-SST7B//wF7xlGoLo1IEVB0cQ4e7BgXlDk5IaPgb5s0DlYLjb4if07h8+0zbQIvahfPNXs6e7zyT0EH1MqaS+5g==

typescript@^4.7.4:
  version "4.7.4"
  resolved "https://registry.yarnpkg.com/typescript/-/typescript-4.7.4.tgz#1a88596d1cf47d59507a1bcdfb5b9dfe4d488235"
  integrity sha512-C0WQT0gezHuw6AdY1M2jxUO83Rjf0HP7Sk1DtXj6j1EwkQNZrHAg2XPWlq62oqEhYvONq5pkC2Y9oPljWToLmQ==
